
Microsoft Visual Studio Solution File, Format Version 12.00
# Visual Studio Version 17
VisualStudioVersion = 17.3.32825.248
MinimumVisualStudioVersion = 10.0.40219.1
Project("{FAE04EC0-301F-11D3-BF4B-00C04F79EFBC}") = "Net18RealReflection", "Net18RealReflection\Net18RealReflection.csproj", "{17D50DAD-4B93-4FFC-98B6-D777433BADF4}"
EndProject
Project("{FAE04EC0-301F-11D3-BF4B-00C04F79EFBC}") = "Net18RealReflection.ConsoleApp", "Net18RealReflection.ConsoleApp\Net18RealReflection.ConsoleApp.csproj", "{90B26526-C26D-452A-AA64-90673C794F55}"
EndProject
Global
	GlobalSection(SolutionConfigurationPlatforms) = preSolution
		Debug|Any CPU = Debug|Any CPU
		Release|Any CPU = Release|Any CPU
	EndGlobalSection
	GlobalSection(ProjectConfigurationPlatforms) = postSolution
		{17D50DAD-4B93-4FFC-98B6-D777433BADF4}.Debug|Any CPU.ActiveCfg = Debug|Any CPU
		{17D50DAD-4B93-4FFC-98B6-D777433BADF4}.Debug|Any CPU.Build.0 = Debug|Any CPU
		{17D50DAD-4B93-4FFC-98B6-D777433BADF4}.Release|Any CPU.ActiveCfg = Release|Any CPU
		{17D50DAD-4B93-4FFC-98B6-D777433BADF4}.Release|Any CPU.Build.0 = Release|Any CPU
		{90B26526-C26D-452A-AA64-90673C794F55}.Debug|Any CPU.ActiveCfg = Debug|Any CPU
		{90B26526-C26D-452A-AA64-90673C794F55}.Debug|Any CPU.Build.0 = Debug|Any CPU
		{90B26526-C26D-452A-AA64-90673C794F55}.Release|Any CPU.ActiveCfg = Release|Any CPU
		{90B26526-C26D-452A-AA64-90673C794F55}.Release|Any CPU.Build.0 = Release|Any CPU
	EndGlobalSection
	GlobalSection(SolutionProperties) = preSolution
		HideSolutionNode = FALSE
	EndGlobalSection
	GlobalSection(ExtensibilityGlobals) = postSolution
		SolutionGuid = {4D3C458E-67DE-49D2-A28D-E022D07B6329}
	EndGlobalSection
EndGlobal
